<?xml version="1.0" encoding="utf-8"?>
<Project ToolsVersion="4.0" xmlns="http://schemas.microsoft.com/developer/msbuild/2003">
  <ItemGroup>
    <Filter Include="Source Files">
      <UniqueIdentifier>{4FC737F1-C7A5-4376-A066-2A32D752A2FF}</UniqueIdentifier>
      <Extensions>cpp;c;cc;cxx;c++;cppm;ixx;def;odl;idl;hpj;bat;asm;asmx</Extensions>
    </Filter>
    <Filter Include="Header Files">
      <UniqueIdentifier>{93995380-89BD-4b04-88EB-625FBE52EBFB}</UniqueIdentifier>
      <Extensions>h;hh;hpp;hxx;h++;hm;inl;inc;ipp;xsd</Extensions>
    </Filter>
    <Filter Include="Source Files\demos">
      <UniqueIdentifier>{ec68d84a-7d77-4864-a173-a97421de4269}</UniqueIdentifier>
    </Filter>
    <Filter Include="Source Files\shaders">
      <UniqueIdentifier>{c3bb385f-18b8-4d48-9c8c-01c9c71bc8cf}</UniqueIdentifier>
    </Filter>
    <Filter Include="Source Files\shaders\demo_001">
      <UniqueIdentifier>{e75a7d06-180f-4cfa-9a10-bc1d320bfa01}</UniqueIdentifier>
    </Filter>
    <Filter Include="Source Files\imgui">
      <UniqueIdentifier>{2808f9aa-2fcb-4b69-9f74-bd69710b9881}</UniqueIdentifier>
    </Filter>
  </ItemGroup>
  <ItemGroup>
    <ClCompile Include="..\code\src\demo_framework.cpp">
      <Filter>Source Files</Filter>
    </ClCompile>
    <ClCompile Include="..\code\src\demos\demo_000_nothing.cpp">
      <Filter>Source Files\demos</Filter>
    </ClCompile>
    <ClCompile Include="..\code\src\demos\demo_001_triangle.cpp">
      <Filter>Source Files\demos</Filter>
    </ClCompile>
    <ClCompile Include="..\..\..\..\ocornut\imgui\imgui_widgets.cpp">
      <Filter>Source Files\imgui</Filter>
    </ClCompile>
    <ClCompile Include="..\..\..\..\ocornut\imgui\imgui.cpp">
      <Filter>Source Files\imgui</Filter>
    </ClCompile>
    <ClCompile Include="..\..\..\..\ocornut\imgui\imgui_demo.cpp">
      <Filter>Source Files\imgui</Filter>
    </ClCompile>
    <ClCompile Include="..\..\..\..\ocornut\imgui\imgui_draw.cpp">
      <Filter>Source Files\imgui</Filter>
    </ClCompile>
    <ClCompile Include="..\..\..\..\ocornut\imgui\imgui_tables.cpp">
      <Filter>Source Files\imgui</Filter>
    </ClCompile>
    <ClCompile Include="..\..\..\..\ocornut\imgui\backends\imgui_impl_dx12.cpp">
      <Filter>Source Files\imgui</Filter>
    </ClCompile>
    <ClCompile Include="..\..\..\..\ocornut\imgui\backends\imgui_impl_sdl.cpp">
      <Filter>Source Files\imgui</Filter>
    </ClCompile>
    <ClCompile Include="..\code\src\demos\demo_002_texturing.cpp">
      <Filter>Source Files\demos</Filter>
    </ClCompile>
  </ItemGroup>
  <ItemGroup>
    <ClInclude Include="..\code\src\common.h">
      <Filter>Source Files</Filter>
    </ClInclude>
    <ClInclude Include="..\code\src\demo_framework.hpp">
      <Filter>Source Files</Filter>
    </ClInclude>
    <ClInclude Include="..\..\..\..\ocornut\imgui\imgui.h">
      <Filter>Source Files\imgui</Filter>
    </ClInclude>
    <ClInclude Include="..\..\..\..\ocornut\imgui\backends\imgui_impl_sdl.h">
      <Filter>Source Files\imgui</Filter>
    </ClInclude>
    <ClInclude Include="..\..\..\..\ocornut\imgui\backends\imgui_impl_dx12.h">
      <Filter>Source Files\imgui</Filter>
    </ClInclude>
  </ItemGroup>
  <ItemGroup>
    <Text Include="..\code\src\shaders\demo001\simple_mesh.frag.hlsl" />
    <Text Include="..\code\src\shaders\demo001\simple_mesh.vert.hlsl" />
  </ItemGroup>
</Project>